
Microsoft Visual Studio Solution File, Format Version 12.00
# Visual Studio 15
VisualStudioVersion = 15.0.28307.489
MinimumVisualStudioVersion = 10.0.40219.1
Project("{FAE04EC0-301F-11D3-BF4B-00C04F79EFBC}") = "Projekt-pis-1", "Projekt-pis-1\Projekt-pis-1.csproj", "{C81A4D8E-9E56-450F-BDA0-673D731EBC73}"
EndProject
Global
	GlobalSection(SolutionConfigurationPlatforms) = preSolution
		Debug|Any CPU = Debug|Any CPU
		Release|Any CPU = Release|Any CPU
	EndGlobalSection
	GlobalSection(ProjectConfigurationPlatforms) = postSolution
		{C81A4D8E-9E56-450F-BDA0-673D731EBC73}.Debug|Any CPU.ActiveCfg = Debug|Any CPU
		{C81A4D8E-9E56-450F-BDA0-673D731EBC73}.Debug|Any CPU.Build.0 = Debug|Any CPU
		{C81A4D8E-9E56-450F-BDA0-673D731EBC73}.Release|Any CPU.ActiveCfg = Release|Any CPU
		{C81A4D8E-9E56-450F-BDA0-673D731EBC73}.Release|Any CPU.Build.0 = Release|Any CPU
	EndGlobalSection
	GlobalSection(SolutionProperties) = preSolution
		HideSolutionNode = FALSE
	EndGlobalSection
	GlobalSection(ExtensibilityGlobals) = postSolution
		SolutionGuid = {A53143B5-E270-4C9C-8B11-FEBE8DCC82DF}
	EndGlobalSection
EndGlobal
